// !$*UTF8*$!
{
	archiveVersion = 1;
	classes = {
	};
	objectVersion = 60;
	objects = {

/* Begin PBXBuildFile section */
		D269AF272B6646EA00CBCB65 /* AppDelegate.swift in Sources */ = {isa = PBXBuildFile; fileRef = D269AF262B6646EA00CBCB65 /* AppDelegate.swift */; };
		D269AF292B6646EA00CBCB65 /* SceneDelegate.swift in Sources */ = {isa = PBXBuildFile; fileRef = D269AF282B6646EA00CBCB65 /* SceneDelegate.swift */; };
		D269AF2B2B6646EA00CBCB65 /* ViewController.swift in Sources */ = {isa = PBXBuildFile; fileRef = D269AF2A2B6646EA00CBCB65 /* ViewController.swift */; };
		D269AF2E2B6646EA00CBCB65 /* Main.storyboard in Resources */ = {isa = PBXBuildFile; fileRef = D269AF2C2B6646EA00CBCB65 /* Main.storyboard */; };
		D269AF302B6646EC00CBCB65 /* Assets.xcassets in Resources */ = {isa = PBXBuildFile; fileRef = D269AF2F2B6646EC00CBCB65 /* Assets.xcassets */; };
		D269AF332B6646EC00CBCB65 /* LaunchScreen.storyboard in Resources */ = {isa = PBXBuildFile; fileRef = D269AF312B6646EC00CBCB65 /* LaunchScreen.storyboard */; };
		D269AF3E2B6646EC00CBCB65 /* PruebaMercadoLibreTests.swift in Sources */ = {isa = PBXBuildFile; fileRef = D269AF3D2B6646EC00CBCB65 /* PruebaMercadoLibreTests.swift */; };
		D269AF482B6646EC00CBCB65 /* PruebaMercadoLibreUITests.swift in Sources */ = {isa = PBXBuildFile; fileRef = D269AF472B6646EC00CBCB65 /* PruebaMercadoLibreUITests.swift */; };
		D269AF4A2B6646EC00CBCB65 /* PruebaMercadoLibreUITestsLaunchTests.swift in Sources */ = {isa = PBXBuildFile; fileRef = D269AF492B6646EC00CBCB65 /* PruebaMercadoLibreUITestsLaunchTests.swift */; };
		D269AF582B66495D00CBCB65 /* BaseViewController.swift in Sources */ = {isa = PBXBuildFile; fileRef = D269AF572B66495D00CBCB65 /* BaseViewController.swift */; };
		D269AF602B6649AF00CBCB65 /* ProductListViewController.swift in Sources */ = {isa = PBXBuildFile; fileRef = D269AF5F2B6649AF00CBCB65 /* ProductListViewController.swift */; };
		D269AF642B664AA500CBCB65 /* ProductCollectionViewCell.swift in Sources */ = {isa = PBXBuildFile; fileRef = D269AF622B664AA500CBCB65 /* ProductCollectionViewCell.swift */; };
		D269AF652B664AA500CBCB65 /* ProductCollectionViewCell.xib in Resources */ = {isa = PBXBuildFile; fileRef = D269AF632B664AA500CBCB65 /* ProductCollectionViewCell.xib */; };
		D269AF672B664AF800CBCB65 /* ProductListModel.swift in Sources */ = {isa = PBXBuildFile; fileRef = D269AF662B664AF800CBCB65 /* ProductListModel.swift */; };
		D269AF692B664BB100CBCB65 /* ProductListViewModel.swift in Sources */ = {isa = PBXBuildFile; fileRef = D269AF682B664BB100CBCB65 /* ProductListViewModel.swift */; };
		D269AF6C2B664C0F00CBCB65 /* FormatPriceUtility.swift in Sources */ = {isa = PBXBuildFile; fileRef = D269AF6B2B664C0F00CBCB65 /* FormatPriceUtility.swift */; };
		D269AF6F2B66C66B00CBCB65 /* APIClient.swift in Sources */ = {isa = PBXBuildFile; fileRef = D269AF6E2B66C66B00CBCB65 /* APIClient.swift */; };
/* End PBXBuildFile section */

/* Begin PBXContainerItemProxy section */
		D269AF3A2B6646EC00CBCB65 /* PBXContainerItemProxy */ = {
			isa = PBXContainerItemProxy;
			containerPortal = D269AF1B2B6646EA00CBCB65 /* Project object */;
			proxyType = 1;
			remoteGlobalIDString = D269AF222B6646EA00CBCB65;
			remoteInfo = PruebaMercadoLibre;
		};
		D269AF442B6646EC00CBCB65 /* PBXContainerItemProxy */ = {
			isa = PBXContainerItemProxy;
			containerPortal = D269AF1B2B6646EA00CBCB65 /* Project object */;
			proxyType = 1;
			remoteGlobalIDString = D269AF222B6646EA00CBCB65;
			remoteInfo = PruebaMercadoLibre;
		};
/* End PBXContainerItemProxy section */

/* Begin PBXFileReference section */
		D269AF232B6646EA00CBCB65 /* PruebaMercadoLibre.app */ = {isa = PBXFileReference; explicitFileType = wrapper.application; includeInIndex = 0; path = PruebaMercadoLibre.app; sourceTree = BUILT_PRODUCTS_DIR; };
		D269AF262B6646EA00CBCB65 /* AppDelegate.swift */ = {isa = PBXFileReference; lastKnownFileType = sourcecode.swift; path = AppDelegate.swift; sourceTree = "<group>"; };
		D269AF282B6646EA00CBCB65 /* SceneDelegate.swift */ = {isa = PBXFileReference; lastKnownFileType = sourcecode.swift; path = SceneDelegate.swift; sourceTree = "<group>"; };
		D269AF2A2B6646EA00CBCB65 /* ViewController.swift */ = {isa = PBXFileReference; lastKnownFileType = sourcecode.swift; path = ViewController.swift; sourceTree = "<group>"; };
		D269AF2D2B6646EA00CBCB65 /* Base */ = {isa = PBXFileReference; lastKnownFileType = file.storyboard; name = Base; path = Base.lproj/Main.storyboard; sourceTree = "<group>"; };
		D269AF2F2B6646EC00CBCB65 /* Assets.xcassets */ = {isa = PBXFileReference; lastKnownFileType = folder.assetcatalog; path = Assets.xcassets; sourceTree = "<group>"; };
		D269AF322B6646EC00CBCB65 /* Base */ = {isa = PBXFileReference; lastKnownFileType = file.storyboard; name = Base; path = Base.lproj/LaunchScreen.storyboard; sourceTree = "<group>"; };
		D269AF342B6646EC00CBCB65 /* Info.plist */ = {isa = PBXFileReference; lastKnownFileType = text.plist.xml; path = Info.plist; sourceTree = "<group>"; };
		D269AF392B6646EC00CBCB65 /* PruebaMercadoLibreTests.xctest */ = {isa = PBXFileReference; explicitFileType = wrapper.cfbundle; includeInIndex = 0; path = PruebaMercadoLibreTests.xctest; sourceTree = BUILT_PRODUCTS_DIR; };
		D269AF3D2B6646EC00CBCB65 /* PruebaMercadoLibreTests.swift */ = {isa = PBXFileReference; lastKnownFileType = sourcecode.swift; path = PruebaMercadoLibreTests.swift; sourceTree = "<group>"; };
		D269AF432B6646EC00CBCB65 /* PruebaMercadoLibreUITests.xctest */ = {isa = PBXFileReference; explicitFileType = wrapper.cfbundle; includeInIndex = 0; path = PruebaMercadoLibreUITests.xctest; sourceTree = BUILT_PRODUCTS_DIR; };
		D269AF472B6646EC00CBCB65 /* PruebaMercadoLibreUITests.swift */ = {isa = PBXFileReference; lastKnownFileType = sourcecode.swift; path = PruebaMercadoLibreUITests.swift; sourceTree = "<group>"; };
		D269AF492B6646EC00CBCB65 /* PruebaMercadoLibreUITestsLaunchTests.swift */ = {isa = PBXFileReference; lastKnownFileType = sourcecode.swift; path = PruebaMercadoLibreUITestsLaunchTests.swift; sourceTree = "<group>"; };
		D269AF572B66495D00CBCB65 /* BaseViewController.swift */ = {isa = PBXFileReference; lastKnownFileType = sourcecode.swift; path = BaseViewController.swift; sourceTree = "<group>"; };
		D269AF5F2B6649AF00CBCB65 /* ProductListViewController.swift */ = {isa = PBXFileReference; lastKnownFileType = sourcecode.swift; path = ProductListViewController.swift; sourceTree = "<group>"; };
		D269AF622B664AA500CBCB65 /* ProductCollectionViewCell.swift */ = {isa = PBXFileReference; lastKnownFileType = sourcecode.swift; path = ProductCollectionViewCell.swift; sourceTree = "<group>"; };
		D269AF632B664AA500CBCB65 /* ProductCollectionViewCell.xib */ = {isa = PBXFileReference; lastKnownFileType = file.xib; path = ProductCollectionViewCell.xib; sourceTree = "<group>"; };
		D269AF662B664AF800CBCB65 /* ProductListModel.swift */ = {isa = PBXFileReference; lastKnownFileType = sourcecode.swift; path = ProductListModel.swift; sourceTree = "<group>"; };
		D269AF682B664BB100CBCB65 /* ProductListViewModel.swift */ = {isa = PBXFileReference; lastKnownFileType = sourcecode.swift; path = ProductListViewModel.swift; sourceTree = "<group>"; };
		D269AF6B2B664C0F00CBCB65 /* FormatPriceUtility.swift */ = {isa = PBXFileReference; lastKnownFileType = sourcecode.swift; path = FormatPriceUtility.swift; sourceTree = "<group>"; };
		D269AF6E2B66C66B00CBCB65 /* APIClient.swift */ = {isa = PBXFileReference; lastKnownFileType = sourcecode.swift; path = APIClient.swift; sourceTree = "<group>"; };
/* End PBXFileReference section */

/* Begin PBXFrameworksBuildPhase section */
		D269AF202B6646EA00CBCB65 /* Frameworks */ = {
			isa = PBXFrameworksBuildPhase;
			buildActionMask = 2147483647;
			files = (
			);
			runOnlyForDeploymentPostprocessing = 0;
		};
		D269AF362B6646EC00CBCB65 /* Frameworks */ = {
			isa = PBXFrameworksBuildPhase;
			buildActionMask = 2147483647;
			files = (
			);
			runOnlyForDeploymentPostprocessing = 0;
		};
		D269AF402B6646EC00CBCB65 /* Frameworks */ = {
			isa = PBXFrameworksBuildPhase;
			buildActionMask = 2147483647;
			files = (
			);
			runOnlyForDeploymentPostprocessing = 0;
		};
/* End PBXFrameworksBuildPhase section */

/* Begin PBXGroup section */
		D269AF1A2B6646EA00CBCB65 = {
			isa = PBXGroup;
			children = (
				D269AF252B6646EA00CBCB65 /* PruebaMercadoLibre */,
				D269AF3C2B6646EC00CBCB65 /* PruebaMercadoLibreTests */,
				D269AF462B6646EC00CBCB65 /* PruebaMercadoLibreUITests */,
				D269AF242B6646EA00CBCB65 /* Products */,
			);
			sourceTree = "<group>";
		};
		D269AF242B6646EA00CBCB65 /* Products */ = {
			isa = PBXGroup;
			children = (
				D269AF232B6646EA00CBCB65 /* PruebaMercadoLibre.app */,
				D269AF392B6646EC00CBCB65 /* PruebaMercadoLibreTests.xctest */,
				D269AF432B6646EC00CBCB65 /* PruebaMercadoLibreUITests.xctest */,
			);
			name = Products;
			sourceTree = "<group>";
		};
		D269AF252B6646EA00CBCB65 /* PruebaMercadoLibre */ = {
			isa = PBXGroup;
			children = (
				D269AF6D2B66C65900CBCB65 /* Client */,
				D269AF6A2B664BDD00CBCB65 /* Utilities */,
				D269AF592B66496B00CBCB65 /* Sections */,
				D269AF562B66494700CBCB65 /* Base */,
				D269AF262B6646EA00CBCB65 /* AppDelegate.swift */,
				D269AF282B6646EA00CBCB65 /* SceneDelegate.swift */,
				D269AF2A2B6646EA00CBCB65 /* ViewController.swift */,
				D269AF2C2B6646EA00CBCB65 /* Main.storyboard */,
				D269AF2F2B6646EC00CBCB65 /* Assets.xcassets */,
				D269AF312B6646EC00CBCB65 /* LaunchScreen.storyboard */,
				D269AF342B6646EC00CBCB65 /* Info.plist */,
			);
			path = PruebaMercadoLibre;
			sourceTree = "<group>";
		};
		D269AF3C2B6646EC00CBCB65 /* PruebaMercadoLibreTests */ = {
			isa = PBXGroup;
			children = (
				D269AF3D2B6646EC00CBCB65 /* PruebaMercadoLibreTests.swift */,
			);
			path = PruebaMercadoLibreTests;
			sourceTree = "<group>";
		};
		D269AF462B6646EC00CBCB65 /* PruebaMercadoLibreUITests */ = {
			isa = PBXGroup;
			children = (
				D269AF472B6646EC00CBCB65 /* PruebaMercadoLibreUITests.swift */,
				D269AF492B6646EC00CBCB65 /* PruebaMercadoLibreUITestsLaunchTests.swift */,
			);
			path = PruebaMercadoLibreUITests;
			sourceTree = "<group>";
		};
		D269AF562B66494700CBCB65 /* Base */ = {
			isa = PBXGroup;
			children = (
				D269AF572B66495D00CBCB65 /* BaseViewController.swift */,
			);
			path = Base;
			sourceTree = "<group>";
		};
		D269AF592B66496B00CBCB65 /* Sections */ = {
			isa = PBXGroup;
			children = (
				D269AF5A2B66497000CBCB65 /* ProductList */,
			);
			path = Sections;
			sourceTree = "<group>";
		};
		D269AF5A2B66497000CBCB65 /* ProductList */ = {
			isa = PBXGroup;
			children = (
				D269AF5D2B66498500CBCB65 /* Model */,
				D269AF5C2B66498000CBCB65 /* ViewModel */,
				D269AF5B2B66497B00CBCB65 /* View */,
			);
			path = ProductList;
			sourceTree = "<group>";
		};
		D269AF5B2B66497B00CBCB65 /* View */ = {
			isa = PBXGroup;
			children = (
				D269AF612B664A5D00CBCB65 /* Cells */,
				D269AF5F2B6649AF00CBCB65 /* ProductListViewController.swift */,
			);
			path = View;
			sourceTree = "<group>";
		};
		D269AF5C2B66498000CBCB65 /* ViewModel */ = {
			isa = PBXGroup;
			children = (
				D269AF682B664BB100CBCB65 /* ProductListViewModel.swift */,
			);
			path = ViewModel;
			sourceTree = "<group>";
		};
		D269AF5D2B66498500CBCB65 /* Model */ = {
			isa = PBXGroup;
			children = (
				D269AF662B664AF800CBCB65 /* ProductListModel.swift */,
			);
			path = Model;
			sourceTree = "<group>";
		};
		D269AF612B664A5D00CBCB65 /* Cells */ = {
			isa = PBXGroup;
			children = (
				D269AF622B664AA500CBCB65 /* ProductCollectionViewCell.swift */,
				D269AF632B664AA500CBCB65 /* ProductCollectionViewCell.xib */,
			);
			path = Cells;
			sourceTree = "<group>";
		};
		D269AF6A2B664BDD00CBCB65 /* Utilities */ = {
			isa = PBXGroup;
			children = (
				D269AF6B2B664C0F00CBCB65 /* FormatPriceUtility.swift */,
			);
			path = Utilities;
			sourceTree = "<group>";
		};
		D269AF6D2B66C65900CBCB65 /* Client */ = {
			isa = PBXGroup;
			children = (
				D269AF6E2B66C66B00CBCB65 /* APIClient.swift */,
			);
			path = Client;
			sourceTree = "<group>";
		};
/* End PBXGroup section */

/* Begin PBXNativeTarget section */
		D269AF222B6646EA00CBCB65 /* PruebaMercadoLibre */ = {
			isa = PBXNativeTarget;
			buildConfigurationList = D269AF4D2B6646EC00CBCB65 /* Build configuration list for PBXNativeTarget "PruebaMercadoLibre" */;
			buildPhases = (
				D269AF1F2B6646EA00CBCB65 /* Sources */,
				D269AF202B6646EA00CBCB65 /* Frameworks */,
				D269AF212B6646EA00CBCB65 /* Resources */,
			);
			buildRules = (
			);
			dependencies = (
			);
			name = PruebaMercadoLibre;
			productName = PruebaMercadoLibre;
			productReference = D269AF232B6646EA00CBCB65 /* PruebaMercadoLibre.app */;
			productType = "com.apple.product-type.application";
		};
		D269AF382B6646EC00CBCB65 /* PruebaMercadoLibreTests */ = {
			isa = PBXNativeTarget;
			buildConfigurationList = D269AF502B6646EC00CBCB65 /* Build configuration list for PBXNativeTarget "PruebaMercadoLibreTests" */;
			buildPhases = (
				D269AF352B6646EC00CBCB65 /* Sources */,
				D269AF362B6646EC00CBCB65 /* Frameworks */,
				D269AF372B6646EC00CBCB65 /* Resources */,
			);
			buildRules = (
			);
			dependencies = (
				D269AF3B2B6646EC00CBCB65 /* PBXTargetDependency */,
			);
			name = PruebaMercadoLibreTests;
			productName = PruebaMercadoLibreTests;
			productReference = D269AF392B6646EC00CBCB65 /* PruebaMercadoLibreTests.xctest */;
			productType = "com.apple.product-type.bundle.unit-test";
		};
		D269AF422B6646EC00CBCB65 /* PruebaMercadoLibreUITests */ = {
			isa = PBXNativeTarget;
			buildConfigurationList = D269AF532B6646EC00CBCB65 /* Build configuration list for PBXNativeTarget "PruebaMercadoLibreUITests" */;
			buildPhases = (
				D269AF3F2B6646EC00CBCB65 /* Sources */,
				D269AF402B6646EC00CBCB65 /* Frameworks */,
				D269AF412B6646EC00CBCB65 /* Resources */,
			);
			buildRules = (
			);
			dependencies = (
				D269AF452B6646EC00CBCB65 /* PBXTargetDependency */,
			);
			name = PruebaMercadoLibreUITests;
			productName = PruebaMercadoLibreUITests;
			productReference = D269AF432B6646EC00CBCB65 /* PruebaMercadoLibreUITests.xctest */;
			productType = "com.apple.product-type.bundle.ui-testing";
		};
/* End PBXNativeTarget section */

/* Begin PBXProject section */
		D269AF1B2B6646EA00CBCB65 /* Project object */ = {
			isa = PBXProject;
			attributes = {
				BuildIndependentTargetsInParallel = 1;
				LastSwiftUpdateCheck = 1520;
				LastUpgradeCheck = 1520;
				TargetAttributes = {
					D269AF222B6646EA00CBCB65 = {
						CreatedOnToolsVersion = 15.2;
					};
					D269AF382B6646EC00CBCB65 = {
						CreatedOnToolsVersion = 15.2;
						TestTargetID = D269AF222B6646EA00CBCB65;
					};
					D269AF422B6646EC00CBCB65 = {
						CreatedOnToolsVersion = 15.2;
						TestTargetID = D269AF222B6646EA00CBCB65;
					};
				};
			};
			buildConfigurationList = D269AF1E2B6646EA00CBCB65 /* Build configuration list for PBXProject "PruebaMercadoLibre" */;
			compatibilityVersion = "Xcode 15.0";
			developmentRegion = en;
			hasScannedForEncodings = 0;
			knownRegions = (
				en,
				Base,
			);
			mainGroup = D269AF1A2B6646EA00CBCB65;
			productRefGroup = D269AF242B6646EA00CBCB65 /* Products */;
			projectDirPath = "";
			projectRoot = "";
			targets = (
				D269AF222B6646EA00CBCB65 /* PruebaMercadoLibre */,
				D269AF382B6646EC00CBCB65 /* PruebaMercadoLibreTests */,
				D269AF422B6646EC00CBCB65 /* PruebaMercadoLibreUITests */,
			);
		};
/* End PBXProject section */

/* Begin PBXResourcesBuildPhase section */
		D269AF212B6646EA00CBCB65 /* Resources */ = {
			isa = PBXResourcesBuildPhase;
			buildActionMask = 2147483647;
			files = (
				D269AF332B6646EC00CBCB65 /* LaunchScreen.storyboard in Resources */,
				D269AF302B6646EC00CBCB65 /* Assets.xcassets in Resources */,
				D269AF652B664AA500CBCB65 /* ProductCollectionViewCell.xib in Resources */,
				D269AF2E2B6646EA00CBCB65 /* Main.storyboard in Resources */,
			);
			runOnlyForDeploymentPostprocessing = 0;
		};
		D269AF372B6646EC00CBCB65 /* Resources */ = {
			isa = PBXResourcesBuildPhase;
			buildActionMask = 2147483647;
			files = (
			);
			runOnlyForDeploymentPostprocessing = 0;
		};
		D269AF412B6646EC00CBCB65 /* Resources */ = {
			isa = PBXResourcesBuildPhase;
			buildActionMask = 2147483647;
			files = (
			);
			runOnlyForDeploymentPostprocessing = 0;
		};
/* End PBXResourcesBuildPhase section */

/* Begin PBXSourcesBuildPhase section */
		D269AF1F2B6646EA00CBCB65 /* Sources */ = {
			isa = PBXSourcesBuildPhase;
			buildActionMask = 2147483647;
			files = (
				D269AF2B2B6646EA00CBCB65 /* ViewController.swift in Sources */,
				D269AF672B664AF800CBCB65 /* ProductListModel.swift in Sources */,
				D269AF582B66495D00CBCB65 /* BaseViewController.swift in Sources */,
				D269AF6F2B66C66B00CBCB65 /* APIClient.swift in Sources */,
				D269AF602B6649AF00CBCB65 /* ProductListViewController.swift in Sources */,
				D269AF272B6646EA00CBCB65 /* AppDelegate.swift in Sources */,
				D269AF642B664AA500CBCB65 /* ProductCollectionViewCell.swift in Sources */,
				D269AF692B664BB100CBCB65 /* ProductListViewModel.swift in Sources */,
				D269AF6C2B664C0F00CBCB65 /* FormatPriceUtility.swift in Sources */,
				D269AF292B6646EA00CBCB65 /* SceneDelegate.swift in Sources */,
			);
			runOnlyForDeploymentPostprocessing = 0;
		};
		D269AF352B6646EC00CBCB65 /* Sources */ = {
			isa = PBXSourcesBuildPhase;
			buildActionMask = 2147483647;
			files = (
				D269AF3E2B6646EC00CBCB65 /* PruebaMercadoLibreTests.swift in Sources */,
			);
			runOnlyForDeploymentPostprocessing = 0;
		};
		D269AF3F2B6646EC00CBCB65 /* Sources */ = {
			isa = PBXSourcesBuildPhase;
			buildActionMask = 2147483647;
			files = (
				D269AF4A2B6646EC00CBCB65 /* PruebaMercadoLibreUITestsLaunchTests.swift in Sources */,
				D269AF482B6646EC00CBCB65 /* PruebaMercadoLibreUITests.swift in Sources */,
			);
			runOnlyForDeploymentPostprocessing = 0;
		};
/* End PBXSourcesBuildPhase section */

/* Begin PBXTargetDependency section */
		D269AF3B2B6646EC00CBCB65 /* PBXTargetDependency */ = {
			isa = PBXTargetDependency;
			target = D269AF222B6646EA00CBCB65 /* PruebaMercadoLibre */;
			targetProxy = D269AF3A2B6646EC00CBCB65 /* PBXContainerItemProxy */;
		};
		D269AF452B6646EC00CBCB65 /* PBXTargetDependency */ = {
			isa = PBXTargetDependency;
			target = D269AF222B6646EA00CBCB65 /* PruebaMercadoLibre */;
			targetProxy = D269AF442B6646EC00CBCB65 /* PBXContainerItemProxy */;
		};
/* End PBXTargetDependency section */

/* Begin PBXVariantGroup section */
		D269AF2C2B6646EA00CBCB65 /* Main.storyboard */ = {
			isa = PBXVariantGroup;
			children = (
				D269AF2D2B6646EA00CBCB65 /* Base */,
			);
			name = Main.storyboard;
			sourceTree = "<group>";
		};
		D269AF312B6646EC00CBCB65 /* LaunchScreen.storyboard */ = {
			isa = PBXVariantGroup;
			children = (
				D269AF322B6646EC00CBCB65 /* Base */,
			);
			name = LaunchScreen.storyboard;
			sourceTree = "<group>";
		};
/* End PBXVariantGroup section */

/* Begin XCBuildConfiguration section */
		D269AF4B2B6646EC00CBCB65 /* Debug */ = {
			isa = XCBuildConfiguration;
			buildSettings = {
				ALWAYS_SEARCH_USER_PATHS = NO;
				ASSETCATALOG_COMPILER_GENERATE_SWIFT_ASSET_SYMBOL_EXTENSIONS = YES;
				CLANG_ANALYZER_NONNULL = YES;
				CLANG_ANALYZER_NUMBER_OBJECT_CONVERSION = YES_AGGRESSIVE;
				CLANG_CXX_LANGUAGE_STANDARD = "gnu++20";
				CLANG_ENABLE_MODULES = YES;
				CLANG_ENABLE_OBJC_ARC = YES;
				CLANG_ENABLE_OBJC_WEAK = YES;
				CLANG_WARN_BLOCK_CAPTURE_AUTORELEASING = YES;
				CLANG_WARN_BOOL_CONVERSION = YES;
				CLANG_WARN_COMMA = YES;
				CLANG_WARN_CONSTANT_CONVERSION = YES;
				CLANG_WARN_DEPRECATED_OBJC_IMPLEMENTATIONS = YES;
				CLANG_WARN_DIRECT_OBJC_ISA_USAGE = YES_ERROR;
				CLANG_WARN_DOCUMENTATION_COMMENTS = YES;
				CLANG_WARN_EMPTY_BODY = YES;
				CLANG_WARN_ENUM_CONVERSION = YES;
				CLANG_WARN_INFINITE_RECURSION = YES;
				CLANG_WARN_INT_CONVERSION = YES;
				CLANG_WARN_NON_LITERAL_NULL_CONVERSION = YES;
				CLANG_WARN_OBJC_IMPLICIT_RETAIN_SELF = YES;
				CLANG_WARN_OBJC_LITERAL_CONVERSION = YES;
				CLANG_WARN_OBJC_ROOT_CLASS = YES_ERROR;
				CLANG_WARN_QUOTED_INCLUDE_IN_FRAMEWORK_HEADER = YES;
				CLANG_WARN_RANGE_LOOP_ANALYSIS = YES;
				CLANG_WARN_STRICT_PROTOTYPES = YES;
				CLANG_WARN_SUSPICIOUS_MOVE = YES;
				CLANG_WARN_UNGUARDED_AVAILABILITY = YES_AGGRESSIVE;
				CLANG_WARN_UNREACHABLE_CODE = YES;
				CLANG_WARN__DUPLICATE_METHOD_MATCH = YES;
				COPY_PHASE_STRIP = NO;
				DEBUG_INFORMATION_FORMAT = dwarf;
				ENABLE_STRICT_OBJC_MSGSEND = YES;
				ENABLE_TESTABILITY = YES;
				ENABLE_USER_SCRIPT_SANDBOXING = YES;
				GCC_C_LANGUAGE_STANDARD = gnu17;
				GCC_DYNAMIC_NO_PIC = NO;
				GCC_NO_COMMON_BLOCKS = YES;
				GCC_OPTIMIZATION_LEVEL = 0;
				GCC_PREPROCESSOR_DEFINITIONS = (
					"DEBUG=1",
					"$(inherited)",
				);
				GCC_WARN_64_TO_32_BIT_CONVERSION = YES;
				GCC_WARN_ABOUT_RETURN_TYPE = YES_ERROR;
				GCC_WARN_UNDECLARED_SELECTOR = YES;
				GCC_WARN_UNINITIALIZED_AUTOS = YES_AGGRESSIVE;
				GCC_WARN_UNUSED_FUNCTION = YES;
				GCC_WARN_UNUSED_VARIABLE = YES;
				IPHONEOS_DEPLOYMENT_TARGET = 13.0;
				LOCALIZATION_PREFERS_STRING_CATALOGS = YES;
				MTL_ENABLE_DEBUG_INFO = INCLUDE_SOURCE;
				MTL_FAST_MATH = YES;
				ONLY_ACTIVE_ARCH = YES;
				SDKROOT = iphoneos;
				SWIFT_ACTIVE_COMPILATION_CONDITIONS = "DEBUG $(inherited)";
				SWIFT_OPTIMIZATION_LEVEL = "-Onone";
			};
			name = Debug;
		};
		D269AF4C2B6646EC00CBCB65 /* Release */ = {
			isa = XCBuildConfiguration;
			buildSettings = {
				ALWAYS_SEARCH_USER_PATHS = NO;
				ASSETCATALOG_COMPILER_GENERATE_SWIFT_ASSET_SYMBOL_EXTENSIONS = YES;
				CLANG_ANALYZER_NONNULL = YES;
				CLANG_ANALYZER_NUMBER_OBJECT_CONVERSION = YES_AGGRESSIVE;
				CLANG_CXX_LANGUAGE_STANDARD = "gnu++20";
				CLANG_ENABLE_MODULES = YES;
				CLANG_ENABLE_OBJC_ARC = YES;
				CLANG_ENABLE_OBJC_WEAK = YES;
				CLANG_WARN_BLOCK_CAPTURE_AUTORELEASING = YES;
				CLANG_WARN_BOOL_CONVERSION = YES;
				CLANG_WARN_COMMA = YES;
				CLANG_WARN_CONSTANT_CONVERSION = YES;
				CLANG_WARN_DEPRECATED_OBJC_IMPLEMENTATIONS = YES;
				CLANG_WARN_DIRECT_OBJC_ISA_USAGE = YES_ERROR;
				CLANG_WARN_DOCUMENTATION_COMMENTS = YES;
				CLANG_WARN_EMPTY_BODY = YES;
				CLANG_WARN_ENUM_CONVERSION = YES;
				CLANG_WARN_INFINITE_RECURSION = YES;
				CLANG_WARN_INT_CONVERSION = YES;
				CLANG_WARN_NON_LITERAL_NULL_CONVERSION = YES;
				CLANG_WARN_OBJC_IMPLICIT_RETAIN_SELF = YES;
				CLANG_WARN_OBJC_LITERAL_CONVERSION = YES;
				CLANG_WARN_OBJC_ROOT_CLASS = YES_ERROR;
				CLANG_WARN_QUOTED_INCLUDE_IN_FRAMEWORK_HEADER = YES;
				CLANG_WARN_RANGE_LOOP_ANALYSIS = YES;
				CLANG_WARN_STRICT_PROTOTYPES = YES;
				CLANG_WARN_SUSPICIOUS_MOVE = YES;
				CLANG_WARN_UNGUARDED_AVAILABILITY = YES_AGGRESSIVE;
				CLANG_WARN_UNREACHABLE_CODE = YES;
				CLANG_WARN__DUPLICATE_METHOD_MATCH = YES;
				COPY_PHASE_STRIP = NO;
				DEBUG_INFORMATION_FORMAT = "dwarf-with-dsym";
				ENABLE_NS_ASSERTIONS = NO;
				ENABLE_STRICT_OBJC_MSGSEND = YES;
				ENABLE_USER_SCRIPT_SANDBOXING = YES;
				GCC_C_LANGUAGE_STANDARD = gnu17;
				GCC_NO_COMMON_BLOCKS = YES;
				GCC_WARN_64_TO_32_BIT_CONVERSION = YES;
				GCC_WARN_ABOUT_RETURN_TYPE = YES_ERROR;
				GCC_WARN_UNDECLARED_SELECTOR = YES;
				GCC_WARN_UNINITIALIZED_AUTOS = YES_AGGRESSIVE;
				GCC_WARN_UNUSED_FUNCTION = YES;
				GCC_WARN_UNUSED_VARIABLE = YES;
				IPHONEOS_DEPLOYMENT_TARGET = 13.0;
				LOCALIZATION_PREFERS_STRING_CATALOGS = YES;
				MTL_ENABLE_DEBUG_INFO = NO;
				MTL_FAST_MATH = YES;
				SDKROOT = iphoneos;
				SWIFT_COMPILATION_MODE = wholemodule;
				VALIDATE_PRODUCT = YES;
			};
			name = Release;
		};
		D269AF4E2B6646EC00CBCB65 /* Debug */ = {
			isa = XCBuildConfiguration;
			buildSettings = {
				ASSETCATALOG_COMPILER_APPICON_NAME = AppIcon;
				ASSETCATALOG_COMPILER_GLOBAL_ACCENT_COLOR_NAME = AccentColor;
				CODE_SIGN_STYLE = Automatic;
				CURRENT_PROJECT_VERSION = 1;
				DEVELOPMENT_TEAM = 4SCMU57SX9;
				GENERATE_INFOPLIST_FILE = YES;
				INFOPLIST_FILE = PruebaMercadoLibre/Info.plist;
				INFOPLIST_KEY_UIApplicationSupportsIndirectInputEvents = YES;
				INFOPLIST_KEY_UILaunchStoryboardName = LaunchScreen;
				INFOPLIST_KEY_UIMainStoryboardFile = Main;
				INFOPLIST_KEY_UISupportedInterfaceOrientations_iPad = "UIInterfaceOrientationPortrait UIInterfaceOrientationPortraitUpsideDown UIInterfaceOrientationLandscapeLeft UIInterfaceOrientationLandscapeRight";
				INFOPLIST_KEY_UISupportedInterfaceOrientations_iPhone = "UIInterfaceOrientationPortrait UIInterfaceOrientationLandscapeLeft UIInterfaceOrientationLandscapeRight";
				LD_RUNPATH_SEARCH_PATHS = (
					"$(inherited)",
					"@executable_path/Frameworks",
				);
				MARKETING_VERSION = 1.0;
				PRODUCT_BUNDLE_IDENTIFIER = com.camilo.PruebaMercadoLibre;
				PRODUCT_NAME = "$(TARGET_NAME)";
				SWIFT_EMIT_LOC_STRINGS = YES;
				SWIFT_VERSION = 5.0;
				TARGETED_DEVICE_FAMILY = "1,2";
			};
			name = Debug;
		};
		D269AF4F2B6646EC00CBCB65 /* Release */ = {
			isa = XCBuildConfiguration;
			buildSettings = {
				ASSETCATALOG_COMPILER_APPICON_NAME = AppIcon;
				ASSETCATALOG_COMPILER_GLOBAL_ACCENT_COLOR_NAME = AccentColor;
				CODE_SIGN_STYLE = Automatic;
				CURRENT_PROJECT_VERSION = 1;
				DEVELOPMENT_TEAM = 4SCMU57SX9;
				GENERATE_INFOPLIST_FILE = YES;
				INFOPLIST_FILE = PruebaMercadoLibre/Info.plist;
				INFOPLIST_KEY_UIApplicationSupportsIndirectInputEvents = YES;
				INFOPLIST_KEY_UILaunchStoryboardName = LaunchScreen;
				INFOPLIST_KEY_UIMainStoryboardFile = Main;
				INFOPLIST_KEY_UISupportedInterfaceOrientations_iPad = "UIInterfaceOrientationPortrait UIInterfaceOrientationPortraitUpsideDown UIInterfaceOrientationLandscapeLeft UIInterfaceOrientationLandscapeRight";
				INFOPLIST_KEY_UISupportedInterfaceOrientations_iPhone = "UIInterfaceOrientationPortrait UIInterfaceOrientationLandscapeLeft UIInterfaceOrientationLandscapeRight";
				LD_RUNPATH_SEARCH_PATHS = (
					"$(inherited)",
					"@executable_path/Frameworks",
				);
				MARKETING_VERSION = 1.0;
				PRODUCT_BUNDLE_IDENTIFIER = com.camilo.PruebaMercadoLibre;
				PRODUCT_NAME = "$(TARGET_NAME)";
				SWIFT_EMIT_LOC_STRINGS = YES;
				SWIFT_VERSION = 5.0;
				TARGETED_DEVICE_FAMILY = "1,2";
			};
			name = Release;
		};
		D269AF512B6646EC00CBCB65 /* Debug */ = {
			isa = XCBuildConfiguration;
			buildSettings = {
				ALWAYS_EMBED_SWIFT_STANDARD_LIBRARIES = YES;
				BUNDLE_LOADER = "$(TEST_HOST)";
				CODE_SIGN_STYLE = Automatic;
				CURRENT_PROJECT_VERSION = 1;
				DEVELOPMENT_TEAM = 4SCMU57SX9;
				GENERATE_INFOPLIST_FILE = YES;
				IPHONEOS_DEPLOYMENT_TARGET = 17.2;
				MARKETING_VERSION = 1.0;
				PRODUCT_BUNDLE_IDENTIFIER = com.camilo.PruebaMercadoLibreTests;
				PRODUCT_NAME = "$(TARGET_NAME)";
				SWIFT_EMIT_LOC_STRINGS = NO;
				SWIFT_VERSION = 5.0;
				TARGETED_DEVICE_FAMILY = "1,2";
				TEST_HOST = "$(BUILT_PRODUCTS_DIR)/PruebaMercadoLibre.app/$(BUNDLE_EXECUTABLE_FOLDER_PATH)/PruebaMercadoLibre";
			};
			name = Debug;
		};
		D269AF522B6646EC00CBCB65 /* Release */ = {
			isa = XCBuildConfiguration;
			buildSettings = {
				ALWAYS_EMBED_SWIFT_STANDARD_LIBRARIES = YES;
				BUNDLE_LOADER = "$(TEST_HOST)";
				CODE_SIGN_STYLE = Automatic;
				CURRENT_PROJECT_VERSION = 1;
				DEVELOPMENT_TEAM = 4SCMU57SX9;
				GENERATE_INFOPLIST_FILE = YES;
				IPHONEOS_DEPLOYMENT_TARGET = 17.2;
				MARKETING_VERSION = 1.0;
				PRODUCT_BUNDLE_IDENTIFIER = com.camilo.PruebaMercadoLibreTests;
				PRODUCT_NAME = "$(TARGET_NAME)";
				SWIFT_EMIT_LOC_STRINGS = NO;
				SWIFT_VERSION = 5.0;
				TARGETED_DEVICE_FAMILY = "1,2";
				TEST_HOST = "$(BUILT_PRODUCTS_DIR)/PruebaMercadoLibre.app/$(BUNDLE_EXECUTABLE_FOLDER_PATH)/PruebaMercadoLibre";
			};
			name = Release;
		};
		D269AF542B6646EC00CBCB65 /* Debug */ = {
			isa = XCBuildConfiguration;
			buildSettings = {
				ALWAYS_EMBED_SWIFT_STANDARD_LIBRARIES = YES;
				CODE_SIGN_STYLE = Automatic;
				CURRENT_PROJECT_VERSION = 1;
				DEVELOPMENT_TEAM = 4SCMU57SX9;
				GENERATE_INFOPLIST_FILE = YES;
				MARKETING_VERSION = 1.0;
				PRODUCT_BUNDLE_IDENTIFIER = com.camilo.PruebaMercadoLibreUITests;
				PRODUCT_NAME = "$(TARGET_NAME)";
				SWIFT_EMIT_LOC_STRINGS = NO;
				SWIFT_VERSION = 5.0;
				TARGETED_DEVICE_FAMILY = "1,2";
				TEST_TARGET_NAME = PruebaMercadoLibre;
			};
			name = Debug;
		};
		D269AF552B6646EC00CBCB65 /* Release */ = {
			isa = XCBuildConfiguration;
			buildSettings = {
				ALWAYS_EMBED_SWIFT_STANDARD_LIBRARIES = YES;
				CODE_SIGN_STYLE = Automatic;
				CURRENT_PROJECT_VERSION = 1;
				DEVELOPMENT_TEAM = 4SCMU57SX9;
				GENERATE_INFOPLIST_FILE = YES;
				MARKETING_VERSION = 1.0;
				PRODUCT_BUNDLE_IDENTIFIER = com.camilo.PruebaMercadoLibreUITests;
				PRODUCT_NAME = "$(TARGET_NAME)";
				SWIFT_EMIT_LOC_STRINGS = NO;
				SWIFT_VERSION = 5.0;
				TARGETED_DEVICE_FAMILY = "1,2";
				TEST_TARGET_NAME = PruebaMercadoLibre;
			};
			name = Release;
		};
/* End XCBuildConfiguration section */

/* Begin XCConfigurationList section */
		D269AF1E2B6646EA00CBCB65 /* Build configuration list for PBXProject "PruebaMercadoLibre" */ = {
			isa = XCConfigurationList;
			buildConfigurations = (
				D269AF4B2B6646EC00CBCB65 /* Debug */,
				D269AF4C2B6646EC00CBCB65 /* Release */,
			);
			defaultConfigurationIsVisible = 0;
			defaultConfigurationName = Release;
		};
		D269AF4D2B6646EC00CBCB65 /* Build configuration list for PBXNativeTarget "PruebaMercadoLibre" */ = {
			isa = XCConfigurationList;
			buildConfigurations = (
				D269AF4E2B6646EC00CBCB65 /* Debug */,
				D269AF4F2B6646EC00CBCB65 /* Release */,
			);
			defaultConfigurationIsVisible = 0;
			defaultConfigurationName = Release;
		};
		D269AF502B6646EC00CBCB65 /* Build configuration list for PBXNativeTarget "PruebaMercadoLibreTests" */ = {
			isa = XCConfigurationList;
			buildConfigurations = (
				D269AF512B6646EC00CBCB65 /* Debug */,
				D269AF522B6646EC00CBCB65 /* Release */,
			);
			defaultConfigurationIsVisible = 0;
			defaultConfigurationName = Release;
		};
		D269AF532B6646EC00CBCB65 /* Build configuration list for PBXNativeTarget "PruebaMercadoLibreUITests" */ = {
			isa = XCConfigurationList;
			buildConfigurations = (
				D269AF542B6646EC00CBCB65 /* Debug */,
				D269AF552B6646EC00CBCB65 /* Release */,
			);
			defaultConfigurationIsVisible = 0;
			defaultConfigurationName = Release;
		};
/* End XCConfigurationList section */
	};
	rootObject = D269AF1B2B6646EA00CBCB65 /* Project object */;
}
